
Microsoft Visual Studio Solution File, Format Version 12.00
# Visual Studio Version 17
VisualStudioVersion = 17.1.32421.90
MinimumVisualStudioVersion = 10.0.40219.1
Project("{FAE04EC0-301F-11D3-BF4B-00C04F79EFBC}") = "csharp-snacks-2", "csharp-snacks-2.csproj", "{C2042C21-4AF1-41CE-AC8E-0177E6A5626C}"
EndProject
Global
	GlobalSection(SolutionConfigurationPlatforms) = preSolution
		Debug|Any CPU = Debug|Any CPU
		Release|Any CPU = Release|Any CPU
	EndGlobalSection
	GlobalSection(ProjectConfigurationPlatforms) = postSolution
		{C2042C21-4AF1-41CE-AC8E-0177E6A5626C}.Debug|Any CPU.ActiveCfg = Debug|Any CPU
		{C2042C21-4AF1-41CE-AC8E-0177E6A5626C}.Debug|Any CPU.Build.0 = Debug|Any CPU
		{C2042C21-4AF1-41CE-AC8E-0177E6A5626C}.Release|Any CPU.ActiveCfg = Release|Any CPU
		{C2042C21-4AF1-41CE-AC8E-0177E6A5626C}.Release|Any CPU.Build.0 = Release|Any CPU
	EndGlobalSection
	GlobalSection(SolutionProperties) = preSolution
		HideSolutionNode = FALSE
	EndGlobalSection
	GlobalSection(ExtensibilityGlobals) = postSolution
		SolutionGuid = {E2E72F39-2E9F-4069-A042-CC3D41A33D8C}
	EndGlobalSection
EndGlobal
